{
  "name": "random-str-msg-devdani",
  "version": "1.3.0",
  "lockfileVersion": 2,
  "requires": true,
  "packages": {
    "": {
      "name": "random-str-msg-devdani",
      "version": "1.3.0",
      "license": "MIT",
      "bin": {
        "random-str-msg-devdani": "bin/global.js"
      }
    }
  }
}
